
Microsoft Visual Studio Solution File, Format Version 12.00
# Visual Studio Version 16
VisualStudioVersion = 16.0.31129.286
MinimumVisualStudioVersion = 10.0.40219.1
Project("{FAE04EC0-301F-11D3-BF4B-00C04F79EFBC}") = "ConsoleApp1", "ConsoleApp1.csproj", "{A20D5DBC-2FAA-4AEE-A8BF-DB3484988956}"
EndProject
Global
	GlobalSection(SolutionConfigurationPlatforms) = preSolution
		Debug|Any CPU = Debug|Any CPU
		Release|Any CPU = Release|Any CPU
	EndGlobalSection
	GlobalSection(ProjectConfigurationPlatforms) = postSolution
		{A20D5DBC-2FAA-4AEE-A8BF-DB3484988956}.Debug|Any CPU.ActiveCfg = Debug|Any CPU
		{A20D5DBC-2FAA-4AEE-A8BF-DB3484988956}.Debug|Any CPU.Build.0 = Debug|Any CPU
		{A20D5DBC-2FAA-4AEE-A8BF-DB3484988956}.Release|Any CPU.ActiveCfg = Release|Any CPU
		{A20D5DBC-2FAA-4AEE-A8BF-DB3484988956}.Release|Any CPU.Build.0 = Release|Any CPU
	EndGlobalSection
	GlobalSection(SolutionProperties) = preSolution
		HideSolutionNode = FALSE
	EndGlobalSection
	GlobalSection(ExtensibilityGlobals) = postSolution
		SolutionGuid = {B6F5D4AA-CABB-4F36-9771-819B33369875}
	EndGlobalSection
EndGlobal
